// !$*UTF8*$!
{
	archiveVersion = 1;
	classes = {
	};
	objectVersion = 51;
	objects = {

/* Begin PBXBuildFile section */
		3102B067239FF32500B80EA9 /* AppDelegate.swift in Sources */ = {isa = PBXBuildFile; fileRef = 3102B066239FF32500B80EA9 /* AppDelegate.swift */; };
		3102B069239FF32500B80EA9 /* SceneDelegate.swift in Sources */ = {isa = PBXBuildFile; fileRef = 3102B068239FF32500B80EA9 /* SceneDelegate.swift */; };
		3102B06E239FF32500B80EA9 /* Main.storyboard in Resources */ = {isa = PBXBuildFile; fileRef = 3102B06C239FF32500B80EA9 /* Main.storyboard */; };
		3102B070239FF32800B80EA9 /* Assets.xcassets in Resources */ = {isa = PBXBuildFile; fileRef = 3102B06F239FF32800B80EA9 /* Assets.xcassets */; };
		3102B073239FF32800B80EA9 /* LaunchScreen.storyboard in Resources */ = {isa = PBXBuildFile; fileRef = 3102B071239FF32800B80EA9 /* LaunchScreen.storyboard */; };
		3102B08323A008CB00B80EA9 /* ChatVC.swift in Sources */ = {isa = PBXBuildFile; fileRef = 3102B08223A008CB00B80EA9 /* ChatVC.swift */; };
		3102B08523A008DD00B80EA9 /* ChannelVC.swift in Sources */ = {isa = PBXBuildFile; fileRef = 3102B08423A008DD00B80EA9 /* ChannelVC.swift */; };
		3102B08C23A00D5700B80EA9 /* SWRevealViewController.m in Sources */ = {isa = PBXBuildFile; fileRef = 3102B08923A00D5700B80EA9 /* SWRevealViewController.m */; };
		3102B08E23A01D8F00B80EA9 /* GradientView.swift in Sources */ = {isa = PBXBuildFile; fileRef = 3102B08D23A01D8F00B80EA9 /* GradientView.swift */; };
		3102B09123A0289A00B80EA9 /* Constants.swift in Sources */ = {isa = PBXBuildFile; fileRef = 3102B09023A0289A00B80EA9 /* Constants.swift */; };
		3102B09323A02C9E00B80EA9 /* LoginVC.swift in Sources */ = {isa = PBXBuildFile; fileRef = 3102B09223A02C9E00B80EA9 /* LoginVC.swift */; };
		3102B09523A03CBC00B80EA9 /* CreateAccountVC.swift in Sources */ = {isa = PBXBuildFile; fileRef = 3102B09423A03CBC00B80EA9 /* CreateAccountVC.swift */; };
		31277CD323BE73CC000B41BF /* AddChannelVC.swift in Sources */ = {isa = PBXBuildFile; fileRef = 31277CD123BE73CC000B41BF /* AddChannelVC.swift */; };
		31277CD423BE73CC000B41BF /* AddChannelVC.xib in Resources */ = {isa = PBXBuildFile; fileRef = 31277CD223BE73CC000B41BF /* AddChannelVC.xib */; };
		3169545123AD8492004FFE62 /* MessageService.swift in Sources */ = {isa = PBXBuildFile; fileRef = 3169545023AD8492004FFE62 /* MessageService.swift */; };
		3169545323AD84F0004FFE62 /* Channel.swift in Sources */ = {isa = PBXBuildFile; fileRef = 3169545223AD84F0004FFE62 /* Channel.swift */; };
		316A8D2A23A2A58200577D72 /* ProfileVC.swift in Sources */ = {isa = PBXBuildFile; fileRef = 316A8D2823A2A58200577D72 /* ProfileVC.swift */; };
		316A8D2B23A2A58200577D72 /* ProfileVC.xib in Resources */ = {isa = PBXBuildFile; fileRef = 316A8D2923A2A58200577D72 /* ProfileVC.xib */; };
		318B7E1823A18F3E009E7E0E /* AuthService.swift in Sources */ = {isa = PBXBuildFile; fileRef = 318B7E1723A18F3E009E7E0E /* AuthService.swift */; };
		318B7E1A23A19D96009E7E0E /* RoundedButton.swift in Sources */ = {isa = PBXBuildFile; fileRef = 318B7E1923A19D96009E7E0E /* RoundedButton.swift */; };
		318B7E1C23A1AE10009E7E0E /* UserDataService.swift in Sources */ = {isa = PBXBuildFile; fileRef = 318B7E1B23A1AE10009E7E0E /* UserDataService.swift */; };
		318B7E1E23A1B6B7009E7E0E /* AvatarPickerVC.swift in Sources */ = {isa = PBXBuildFile; fileRef = 318B7E1D23A1B6B7009E7E0E /* AvatarPickerVC.swift */; };
		318B7E2023A1B84D009E7E0E /* AvatarCell.swift in Sources */ = {isa = PBXBuildFile; fileRef = 318B7E1F23A1B84D009E7E0E /* AvatarCell.swift */; };
		318B7E2223A1C9E5009E7E0E /* CircleImage.swift in Sources */ = {isa = PBXBuildFile; fileRef = 318B7E2123A1C9E5009E7E0E /* CircleImage.swift */; };
		31D0166D23AD8EA8002571EC /* ChannelCell.swift in Sources */ = {isa = PBXBuildFile; fileRef = 31D0166C23AD8EA8002571EC /* ChannelCell.swift */; };
		31D38A4C23BE821A0023EEAD /* SocketService.swift in Sources */ = {isa = PBXBuildFile; fileRef = 31D38A4B23BE821A0023EEAD /* SocketService.swift */; };
		31D38A4E23BE9C830023EEAD /* Message.swift in Sources */ = {isa = PBXBuildFile; fileRef = 31D38A4D23BE9C830023EEAD /* Message.swift */; };
		31D38A5023BEA4DB0023EEAD /* KeyboardBoundView.swift in Sources */ = {isa = PBXBuildFile; fileRef = 31D38A4F23BEA4DB0023EEAD /* KeyboardBoundView.swift */; };
		EBDA60E95114FD5887A6BDF0 /* Pods_slackish.framework in Frameworks */ = {isa = PBXBuildFile; fileRef = 1EFD464340C1DA27947012BF /* Pods_slackish.framework */; };
/* End PBXBuildFile section */

/* Begin PBXFileReference section */
		1EFD464340C1DA27947012BF /* Pods_slackish.framework */ = {isa = PBXFileReference; explicitFileType = wrapper.framework; includeInIndex = 0; path = Pods_slackish.framework; sourceTree = BUILT_PRODUCTS_DIR; };
		3102B063239FF32500B80EA9 /* slackish.app */ = {isa = PBXFileReference; explicitFileType = wrapper.application; includeInIndex = 0; path = slackish.app; sourceTree = BUILT_PRODUCTS_DIR; };
		3102B066239FF32500B80EA9 /* AppDelegate.swift */ = {isa = PBXFileReference; lastKnownFileType = sourcecode.swift; path = AppDelegate.swift; sourceTree = "<group>"; };
		3102B068239FF32500B80EA9 /* SceneDelegate.swift */ = {isa = PBXFileReference; lastKnownFileType = sourcecode.swift; path = SceneDelegate.swift; sourceTree = "<group>"; };
		3102B06D239FF32500B80EA9 /* Base */ = {isa = PBXFileReference; lastKnownFileType = file.storyboard; name = Base; path = Base.lproj/Main.storyboard; sourceTree = "<group>"; };
		3102B06F239FF32800B80EA9 /* Assets.xcassets */ = {isa = PBXFileReference; lastKnownFileType = folder.assetcatalog; path = Assets.xcassets; sourceTree = "<group>"; };
		3102B072239FF32800B80EA9 /* Base */ = {isa = PBXFileReference; lastKnownFileType = file.storyboard; name = Base; path = Base.lproj/LaunchScreen.storyboard; sourceTree = "<group>"; };
		3102B074239FF32800B80EA9 /* Info.plist */ = {isa = PBXFileReference; lastKnownFileType = text.plist.xml; path = Info.plist; sourceTree = "<group>"; };
		3102B08223A008CB00B80EA9 /* ChatVC.swift */ = {isa = PBXFileReference; lastKnownFileType = sourcecode.swift; path = ChatVC.swift; sourceTree = "<group>"; };
		3102B08423A008DD00B80EA9 /* ChannelVC.swift */ = {isa = PBXFileReference; lastKnownFileType = sourcecode.swift; path = ChannelVC.swift; sourceTree = "<group>"; };
		3102B08923A00D5700B80EA9 /* SWRevealViewController.m */ = {isa = PBXFileReference; fileEncoding = 4; lastKnownFileType = sourcecode.c.objc; path = SWRevealViewController.m; sourceTree = "<group>"; };
		3102B08A23A00D5700B80EA9 /* SWRevealViewController.h */ = {isa = PBXFileReference; fileEncoding = 4; lastKnownFileType = sourcecode.c.h; path = SWRevealViewController.h; sourceTree = "<group>"; };
		3102B08B23A00D5700B80EA9 /* slackish-Bridging-Header.h */ = {isa = PBXFileReference; fileEncoding = 4; lastKnownFileType = sourcecode.c.h; path = "slackish-Bridging-Header.h"; sourceTree = "<group>"; };
		3102B08D23A01D8F00B80EA9 /* GradientView.swift */ = {isa = PBXFileReference; lastKnownFileType = sourcecode.swift; path = GradientView.swift; sourceTree = "<group>"; };
		3102B09023A0289A00B80EA9 /* Constants.swift */ = {isa = PBXFileReference; lastKnownFileType = sourcecode.swift; path = Constants.swift; sourceTree = "<group>"; };
		3102B09223A02C9E00B80EA9 /* LoginVC.swift */ = {isa = PBXFileReference; lastKnownFileType = sourcecode.swift; path = LoginVC.swift; sourceTree = "<group>"; };
		3102B09423A03CBC00B80EA9 /* CreateAccountVC.swift */ = {isa = PBXFileReference; lastKnownFileType = sourcecode.swift; path = CreateAccountVC.swift; sourceTree = "<group>"; };
		31277CD123BE73CC000B41BF /* AddChannelVC.swift */ = {isa = PBXFileReference; lastKnownFileType = sourcecode.swift; path = AddChannelVC.swift; sourceTree = "<group>"; };
		31277CD223BE73CC000B41BF /* AddChannelVC.xib */ = {isa = PBXFileReference; lastKnownFileType = file.xib; path = AddChannelVC.xib; sourceTree = "<group>"; };
		3169545023AD8492004FFE62 /* MessageService.swift */ = {isa = PBXFileReference; lastKnownFileType = sourcecode.swift; path = MessageService.swift; sourceTree = "<group>"; };
		3169545223AD84F0004FFE62 /* Channel.swift */ = {isa = PBXFileReference; lastKnownFileType = sourcecode.swift; path = Channel.swift; sourceTree = "<group>"; };
		316A8D2823A2A58200577D72 /* ProfileVC.swift */ = {isa = PBXFileReference; lastKnownFileType = sourcecode.swift; path = ProfileVC.swift; sourceTree = "<group>"; };
		316A8D2923A2A58200577D72 /* ProfileVC.xib */ = {isa = PBXFileReference; lastKnownFileType = file.xib; path = ProfileVC.xib; sourceTree = "<group>"; };
		318B7E1723A18F3E009E7E0E /* AuthService.swift */ = {isa = PBXFileReference; lastKnownFileType = sourcecode.swift; path = AuthService.swift; sourceTree = "<group>"; };
		318B7E1923A19D96009E7E0E /* RoundedButton.swift */ = {isa = PBXFileReference; lastKnownFileType = sourcecode.swift; path = RoundedButton.swift; sourceTree = "<group>"; };
		318B7E1B23A1AE10009E7E0E /* UserDataService.swift */ = {isa = PBXFileReference; lastKnownFileType = sourcecode.swift; path = UserDataService.swift; sourceTree = "<group>"; };
		318B7E1D23A1B6B7009E7E0E /* AvatarPickerVC.swift */ = {isa = PBXFileReference; lastKnownFileType = sourcecode.swift; path = AvatarPickerVC.swift; sourceTree = "<group>"; };
		318B7E1F23A1B84D009E7E0E /* AvatarCell.swift */ = {isa = PBXFileReference; lastKnownFileType = sourcecode.swift; path = AvatarCell.swift; sourceTree = "<group>"; };
		318B7E2123A1C9E5009E7E0E /* CircleImage.swift */ = {isa = PBXFileReference; lastKnownFileType = sourcecode.swift; path = CircleImage.swift; sourceTree = "<group>"; };
		31D0166C23AD8EA8002571EC /* ChannelCell.swift */ = {isa = PBXFileReference; lastKnownFileType = sourcecode.swift; path = ChannelCell.swift; sourceTree = "<group>"; };
		31D38A4B23BE821A0023EEAD /* SocketService.swift */ = {isa = PBXFileReference; lastKnownFileType = sourcecode.swift; path = SocketService.swift; sourceTree = "<group>"; };
		31D38A4D23BE9C830023EEAD /* Message.swift */ = {isa = PBXFileReference; lastKnownFileType = sourcecode.swift; path = Message.swift; sourceTree = "<group>"; };
		31D38A4F23BEA4DB0023EEAD /* KeyboardBoundView.swift */ = {isa = PBXFileReference; fileEncoding = 4; lastKnownFileType = sourcecode.swift; path = KeyboardBoundView.swift; sourceTree = "<group>"; };
		368062329CEA7C2A6A34DCFF /* Pods-slackish.release.xcconfig */ = {isa = PBXFileReference; includeInIndex = 1; lastKnownFileType = text.xcconfig; name = "Pods-slackish.release.xcconfig"; path = "Target Support Files/Pods-slackish/Pods-slackish.release.xcconfig"; sourceTree = "<group>"; };
		A05B339AE73167D5C1E007B3 /* Pods-slackish.debug.xcconfig */ = {isa = PBXFileReference; includeInIndex = 1; lastKnownFileType = text.xcconfig; name = "Pods-slackish.debug.xcconfig"; path = "Target Support Files/Pods-slackish/Pods-slackish.debug.xcconfig"; sourceTree = "<group>"; };
/* End PBXFileReference section */

/* Begin PBXFrameworksBuildPhase section */
		3102B060239FF32500B80EA9 /* Frameworks */ = {
			isa = PBXFrameworksBuildPhase;
			buildActionMask = 2147483647;
			files = (
				EBDA60E95114FD5887A6BDF0 /* Pods_slackish.framework in Frameworks */,
			);
			runOnlyForDeploymentPostprocessing = 0;
		};
/* End PBXFrameworksBuildPhase section */

/* Begin PBXGroup section */
		1E904C2DF4D83038D3E9BB14 /* Frameworks */ = {
			isa = PBXGroup;
			children = (
				1EFD464340C1DA27947012BF /* Pods_slackish.framework */,
			);
			name = Frameworks;
			sourceTree = "<group>";
		};
		3102B05A239FF32500B80EA9 = {
			isa = PBXGroup;
			children = (
				3102B07A23A0026400B80EA9 /* SupportingFiles */,
				3102B065239FF32500B80EA9 /* slackish */,
				3102B064239FF32500B80EA9 /* Products */,
				575C842A48188001365AAC1F /* Pods */,
				1E904C2DF4D83038D3E9BB14 /* Frameworks */,
			);
			sourceTree = "<group>";
		};
		3102B064239FF32500B80EA9 /* Products */ = {
			isa = PBXGroup;
			children = (
				3102B063239FF32500B80EA9 /* slackish.app */,
			);
			name = Products;
			sourceTree = "<group>";
		};
		3102B065239FF32500B80EA9 /* slackish */ = {
			isa = PBXGroup;
			children = (
				316A8D2C23A2A59F00577D72 /* XIBs */,
				318B7E1623A18F25009E7E0E /* Services */,
				3102B08F23A0286600B80EA9 /* Utilities */,
				3102B08123A0089A00B80EA9 /* Model */,
				3102B08023A0089400B80EA9 /* View */,
				3102B07F23A0088B00B80EA9 /* Controller */,
				3102B066239FF32500B80EA9 /* AppDelegate.swift */,
				3102B068239FF32500B80EA9 /* SceneDelegate.swift */,
				3102B06C239FF32500B80EA9 /* Main.storyboard */,
				3102B06F239FF32800B80EA9 /* Assets.xcassets */,
				3102B071239FF32800B80EA9 /* LaunchScreen.storyboard */,
				3102B074239FF32800B80EA9 /* Info.plist */,
			);
			path = slackish;
			sourceTree = "<group>";
		};
		3102B07A23A0026400B80EA9 /* SupportingFiles */ = {
			isa = PBXGroup;
			children = (
				3102B08B23A00D5700B80EA9 /* slackish-Bridging-Header.h */,
				3102B08A23A00D5700B80EA9 /* SWRevealViewController.h */,
				3102B08923A00D5700B80EA9 /* SWRevealViewController.m */,
			);
			path = SupportingFiles;
			sourceTree = "<group>";
		};
		3102B07F23A0088B00B80EA9 /* Controller */ = {
			isa = PBXGroup;
			children = (
				3102B08223A008CB00B80EA9 /* ChatVC.swift */,
				3102B08423A008DD00B80EA9 /* ChannelVC.swift */,
				3102B09223A02C9E00B80EA9 /* LoginVC.swift */,
				3102B09423A03CBC00B80EA9 /* CreateAccountVC.swift */,
				318B7E1D23A1B6B7009E7E0E /* AvatarPickerVC.swift */,
				316A8D2823A2A58200577D72 /* ProfileVC.swift */,
				31277CD123BE73CC000B41BF /* AddChannelVC.swift */,
			);
			path = Controller;
			sourceTree = "<group>";
		};
		3102B08023A0089400B80EA9 /* View */ = {
			isa = PBXGroup;
			children = (
				3102B08D23A01D8F00B80EA9 /* GradientView.swift */,
				318B7E1923A19D96009E7E0E /* RoundedButton.swift */,
				318B7E1F23A1B84D009E7E0E /* AvatarCell.swift */,
				318B7E2123A1C9E5009E7E0E /* CircleImage.swift */,
				31D0166C23AD8EA8002571EC /* ChannelCell.swift */,
				31D38A4F23BEA4DB0023EEAD /* KeyboardBoundView.swift */,
			);
			path = View;
			sourceTree = "<group>";
		};
		3102B08123A0089A00B80EA9 /* Model */ = {
			isa = PBXGroup;
			children = (
				3169545223AD84F0004FFE62 /* Channel.swift */,
				31D38A4D23BE9C830023EEAD /* Message.swift */,
			);
			path = Model;
			sourceTree = "<group>";
		};
		3102B08F23A0286600B80EA9 /* Utilities */ = {
			isa = PBXGroup;
			children = (
				3102B09023A0289A00B80EA9 /* Constants.swift */,
			);
			path = Utilities;
			sourceTree = "<group>";
		};
		316A8D2C23A2A59F00577D72 /* XIBs */ = {
			isa = PBXGroup;
			children = (
				316A8D2923A2A58200577D72 /* ProfileVC.xib */,
				31277CD223BE73CC000B41BF /* AddChannelVC.xib */,
			);
			path = XIBs;
			sourceTree = "<group>";
		};
		318B7E1623A18F25009E7E0E /* Services */ = {
			isa = PBXGroup;
			children = (
				318B7E1723A18F3E009E7E0E /* AuthService.swift */,
				318B7E1B23A1AE10009E7E0E /* UserDataService.swift */,
				3169545023AD8492004FFE62 /* MessageService.swift */,
				31D38A4B23BE821A0023EEAD /* SocketService.swift */,
			);
			path = Services;
			sourceTree = "<group>";
		};
		575C842A48188001365AAC1F /* Pods */ = {
			isa = PBXGroup;
			children = (
				A05B339AE73167D5C1E007B3 /* Pods-slackish.debug.xcconfig */,
				368062329CEA7C2A6A34DCFF /* Pods-slackish.release.xcconfig */,
			);
			path = Pods;
			sourceTree = "<group>";
		};
/* End PBXGroup section */

/* Begin PBXNativeTarget section */
		3102B062239FF32500B80EA9 /* slackish */ = {
			isa = PBXNativeTarget;
			buildConfigurationList = 3102B077239FF32800B80EA9 /* Build configuration list for PBXNativeTarget "slackish" */;
			buildPhases = (
				1F1336193E96A148EB63F712 /* [CP] Check Pods Manifest.lock */,
				3102B05F239FF32500B80EA9 /* Sources */,
				3102B060239FF32500B80EA9 /* Frameworks */,
				3102B061239FF32500B80EA9 /* Resources */,
				29357BD3D6003A5297805DDB /* [CP] Embed Pods Frameworks */,
			);
			buildRules = (
			);
			dependencies = (
			);
			name = slackish;
			productName = slackish;
			productReference = 3102B063239FF32500B80EA9 /* slackish.app */;
			productType = "com.apple.product-type.application";
		};
/* End PBXNativeTarget section */

/* Begin PBXProject section */
		3102B05B239FF32500B80EA9 /* Project object */ = {
			isa = PBXProject;
			attributes = {
				LastSwiftUpdateCheck = 1110;
				LastUpgradeCheck = 1110;
				ORGANIZATIONNAME = "Kilyan SOCKALINGUM";
				TargetAttributes = {
					3102B062239FF32500B80EA9 = {
						CreatedOnToolsVersion = 11.1;
						LastSwiftMigration = 1110;
					};
				};
			};
			buildConfigurationList = 3102B05E239FF32500B80EA9 /* Build configuration list for PBXProject "slackish" */;
			compatibilityVersion = "Xcode 9.3";
			developmentRegion = en;
			hasScannedForEncodings = 0;
			knownRegions = (
				en,
				Base,
			);
			mainGroup = 3102B05A239FF32500B80EA9;
			productRefGroup = 3102B064239FF32500B80EA9 /* Products */;
			projectDirPath = "";
			projectRoot = "";
			targets = (
				3102B062239FF32500B80EA9 /* slackish */,
			);
		};
/* End PBXProject section */

/* Begin PBXResourcesBuildPhase section */
		3102B061239FF32500B80EA9 /* Resources */ = {
			isa = PBXResourcesBuildPhase;
			buildActionMask = 2147483647;
			files = (
				31277CD423BE73CC000B41BF /* AddChannelVC.xib in Resources */,
				316A8D2B23A2A58200577D72 /* ProfileVC.xib in Resources */,
				3102B073239FF32800B80EA9 /* LaunchScreen.storyboard in Resources */,
				3102B070239FF32800B80EA9 /* Assets.xcassets in Resources */,
				3102B06E239FF32500B80EA9 /* Main.storyboard in Resources */,
			);
			runOnlyForDeploymentPostprocessing = 0;
		};
/* End PBXResourcesBuildPhase section */

/* Begin PBXShellScriptBuildPhase section */
		1F1336193E96A148EB63F712 /* [CP] Check Pods Manifest.lock */ = {
			isa = PBXShellScriptBuildPhase;
			buildActionMask = 2147483647;
			files = (
			);
			inputFileListPaths = (
			);
			inputPaths = (
				"${PODS_PODFILE_DIR_PATH}/Podfile.lock",
				"${PODS_ROOT}/Manifest.lock",
			);
			name = "[CP] Check Pods Manifest.lock";
			outputFileListPaths = (
			);
			outputPaths = (
				"$(DERIVED_FILE_DIR)/Pods-slackish-checkManifestLockResult.txt",
			);
			runOnlyForDeploymentPostprocessing = 0;
			shellPath = /bin/sh;
			shellScript = "diff \"${PODS_PODFILE_DIR_PATH}/Podfile.lock\" \"${PODS_ROOT}/Manifest.lock\" > /dev/null\nif [ $? != 0 ] ; then\n    # print error to STDERR\n    echo \"error: The sandbox is not in sync with the Podfile.lock. Run 'pod install' or update your CocoaPods installation.\" >&2\n    exit 1\nfi\n# This output is used by Xcode 'outputs' to avoid re-running this script phase.\necho \"SUCCESS\" > \"${SCRIPT_OUTPUT_FILE_0}\"\n";
			showEnvVarsInLog = 0;
		};
		29357BD3D6003A5297805DDB /* [CP] Embed Pods Frameworks */ = {
			isa = PBXShellScriptBuildPhase;
			buildActionMask = 2147483647;
			files = (
			);
			inputFileListPaths = (
				"${PODS_ROOT}/Target Support Files/Pods-slackish/Pods-slackish-frameworks-${CONFIGURATION}-input-files.xcfilelist",
			);
			name = "[CP] Embed Pods Frameworks";
			outputFileListPaths = (
				"${PODS_ROOT}/Target Support Files/Pods-slackish/Pods-slackish-frameworks-${CONFIGURATION}-output-files.xcfilelist",
			);
			runOnlyForDeploymentPostprocessing = 0;
			shellPath = /bin/sh;
			shellScript = "\"${PODS_ROOT}/Target Support Files/Pods-slackish/Pods-slackish-frameworks.sh\"\n";
			showEnvVarsInLog = 0;
		};
/* End PBXShellScriptBuildPhase section */

/* Begin PBXSourcesBuildPhase section */
		3102B05F239FF32500B80EA9 /* Sources */ = {
			isa = PBXSourcesBuildPhase;
			buildActionMask = 2147483647;
			files = (
				3102B08323A008CB00B80EA9 /* ChatVC.swift in Sources */,
				3102B067239FF32500B80EA9 /* AppDelegate.swift in Sources */,
				31D38A5023BEA4DB0023EEAD /* KeyboardBoundView.swift in Sources */,
				318B7E2023A1B84D009E7E0E /* AvatarCell.swift in Sources */,
				3102B09323A02C9E00B80EA9 /* LoginVC.swift in Sources */,
				316A8D2A23A2A58200577D72 /* ProfileVC.swift in Sources */,
				3102B08E23A01D8F00B80EA9 /* GradientView.swift in Sources */,
				3169545123AD8492004FFE62 /* MessageService.swift in Sources */,
				3169545323AD84F0004FFE62 /* Channel.swift in Sources */,
				3102B08C23A00D5700B80EA9 /* SWRevealViewController.m in Sources */,
				3102B09523A03CBC00B80EA9 /* CreateAccountVC.swift in Sources */,
				31D0166D23AD8EA8002571EC /* ChannelCell.swift in Sources */,
				318B7E1C23A1AE10009E7E0E /* UserDataService.swift in Sources */,
				318B7E1A23A19D96009E7E0E /* RoundedButton.swift in Sources */,
				3102B09123A0289A00B80EA9 /* Constants.swift in Sources */,
				31D38A4C23BE821A0023EEAD /* SocketService.swift in Sources */,
				318B7E1823A18F3E009E7E0E /* AuthService.swift in Sources */,
				3102B069239FF32500B80EA9 /* SceneDelegate.swift in Sources */,
				31D38A4E23BE9C830023EEAD /* Message.swift in Sources */,
				31277CD323BE73CC000B41BF /* AddChannelVC.swift in Sources */,
				3102B08523A008DD00B80EA9 /* ChannelVC.swift in Sources */,
				318B7E1E23A1B6B7009E7E0E /* AvatarPickerVC.swift in Sources */,
				318B7E2223A1C9E5009E7E0E /* CircleImage.swift in Sources */,
			);
			runOnlyForDeploymentPostprocessing = 0;
		};
/* End PBXSourcesBuildPhase section */

/* Begin PBXVariantGroup section */
		3102B06C239FF32500B80EA9 /* Main.storyboard */ = {
			isa = PBXVariantGroup;
			children = (
				3102B06D239FF32500B80EA9 /* Base */,
			);
			name = Main.storyboard;
			sourceTree = "<group>";
		};
		3102B071239FF32800B80EA9 /* LaunchScreen.storyboard */ = {
			isa = PBXVariantGroup;
			children = (
				3102B072239FF32800B80EA9 /* Base */,
			);
			name = LaunchScreen.storyboard;
			sourceTree = "<group>";
		};
/* End PBXVariantGroup section */

/* Begin XCBuildConfiguration section */
		3102B075239FF32800B80EA9 /* Debug */ = {
			isa = XCBuildConfiguration;
			buildSettings = {
				ALWAYS_SEARCH_USER_PATHS = NO;
				CLANG_ANALYZER_NONNULL = YES;
				CLANG_ANALYZER_NUMBER_OBJECT_CONVERSION = YES_AGGRESSIVE;
				CLANG_CXX_LANGUAGE_STANDARD = "gnu++14";
				CLANG_CXX_LIBRARY = "libc++";
				CLANG_ENABLE_MODULES = YES;
				CLANG_ENABLE_OBJC_ARC = YES;
				CLANG_ENABLE_OBJC_WEAK = YES;
				CLANG_WARN_BLOCK_CAPTURE_AUTORELEASING = YES;
				CLANG_WARN_BOOL_CONVERSION = YES;
				CLANG_WARN_COMMA = YES;
				CLANG_WARN_CONSTANT_CONVERSION = YES;
				CLANG_WARN_DEPRECATED_OBJC_IMPLEMENTATIONS = YES;
				CLANG_WARN_DIRECT_OBJC_ISA_USAGE = YES_ERROR;
				CLANG_WARN_DOCUMENTATION_COMMENTS = YES;
				CLANG_WARN_EMPTY_BODY = YES;
				CLANG_WARN_ENUM_CONVERSION = YES;
				CLANG_WARN_INFINITE_RECURSION = YES;
				CLANG_WARN_INT_CONVERSION = YES;
				CLANG_WARN_NON_LITERAL_NULL_CONVERSION = YES;
				CLANG_WARN_OBJC_IMPLICIT_RETAIN_SELF = YES;
				CLANG_WARN_OBJC_LITERAL_CONVERSION = YES;
				CLANG_WARN_OBJC_ROOT_CLASS = YES_ERROR;
				CLANG_WARN_RANGE_LOOP_ANALYSIS = YES;
				CLANG_WARN_STRICT_PROTOTYPES = YES;
				CLANG_WARN_SUSPICIOUS_MOVE = YES;
				CLANG_WARN_UNGUARDED_AVAILABILITY = YES_AGGRESSIVE;
				CLANG_WARN_UNREACHABLE_CODE = YES;
				CLANG_WARN__DUPLICATE_METHOD_MATCH = YES;
				COPY_PHASE_STRIP = NO;
				DEBUG_INFORMATION_FORMAT = dwarf;
				ENABLE_STRICT_OBJC_MSGSEND = YES;
				ENABLE_TESTABILITY = YES;
				GCC_C_LANGUAGE_STANDARD = gnu11;
				GCC_DYNAMIC_NO_PIC = NO;
				GCC_NO_COMMON_BLOCKS = YES;
				GCC_OPTIMIZATION_LEVEL = 0;
				GCC_PREPROCESSOR_DEFINITIONS = (
					"DEBUG=1",
					"$(inherited)",
				);
				GCC_WARN_64_TO_32_BIT_CONVERSION = YES;
				GCC_WARN_ABOUT_RETURN_TYPE = YES_ERROR;
				GCC_WARN_UNDECLARED_SELECTOR = YES;
				GCC_WARN_UNINITIALIZED_AUTOS = YES_AGGRESSIVE;
				GCC_WARN_UNUSED_FUNCTION = YES;
				GCC_WARN_UNUSED_VARIABLE = YES;
				IPHONEOS_DEPLOYMENT_TARGET = 13.1;
				MTL_ENABLE_DEBUG_INFO = INCLUDE_SOURCE;
				MTL_FAST_MATH = YES;
				ONLY_ACTIVE_ARCH = YES;
				SDKROOT = iphoneos;
				SWIFT_ACTIVE_COMPILATION_CONDITIONS = DEBUG;
				SWIFT_OPTIMIZATION_LEVEL = "-Onone";
			};
			name = Debug;
		};
		3102B076239FF32800B80EA9 /* Release */ = {
			isa = XCBuildConfiguration;
			buildSettings = {
				ALWAYS_SEARCH_USER_PATHS = NO;
				CLANG_ANALYZER_NONNULL = YES;
				CLANG_ANALYZER_NUMBER_OBJECT_CONVERSION = YES_AGGRESSIVE;
				CLANG_CXX_LANGUAGE_STANDARD = "gnu++14";
				CLANG_CXX_LIBRARY = "libc++";
				CLANG_ENABLE_MODULES = YES;
				CLANG_ENABLE_OBJC_ARC = YES;
				CLANG_ENABLE_OBJC_WEAK = YES;
				CLANG_WARN_BLOCK_CAPTURE_AUTORELEASING = YES;
				CLANG_WARN_BOOL_CONVERSION = YES;
				CLANG_WARN_COMMA = YES;
				CLANG_WARN_CONSTANT_CONVERSION = YES;
				CLANG_WARN_DEPRECATED_OBJC_IMPLEMENTATIONS = YES;
				CLANG_WARN_DIRECT_OBJC_ISA_USAGE = YES_ERROR;
				CLANG_WARN_DOCUMENTATION_COMMENTS = YES;
				CLANG_WARN_EMPTY_BODY = YES;
				CLANG_WARN_ENUM_CONVERSION = YES;
				CLANG_WARN_INFINITE_RECURSION = YES;
				CLANG_WARN_INT_CONVERSION = YES;
				CLANG_WARN_NON_LITERAL_NULL_CONVERSION = YES;
				CLANG_WARN_OBJC_IMPLICIT_RETAIN_SELF = YES;
				CLANG_WARN_OBJC_LITERAL_CONVERSION = YES;
				CLANG_WARN_OBJC_ROOT_CLASS = YES_ERROR;
				CLANG_WARN_RANGE_LOOP_ANALYSIS = YES;
				CLANG_WARN_STRICT_PROTOTYPES = YES;
				CLANG_WARN_SUSPICIOUS_MOVE = YES;
				CLANG_WARN_UNGUARDED_AVAILABILITY = YES_AGGRESSIVE;
				CLANG_WARN_UNREACHABLE_CODE = YES;
				CLANG_WARN__DUPLICATE_METHOD_MATCH = YES;
				COPY_PHASE_STRIP = NO;
				DEBUG_INFORMATION_FORMAT = "dwarf-with-dsym";
				ENABLE_NS_ASSERTIONS = NO;
				ENABLE_STRICT_OBJC_MSGSEND = YES;
				GCC_C_LANGUAGE_STANDARD = gnu11;
				GCC_NO_COMMON_BLOCKS = YES;
				GCC_WARN_64_TO_32_BIT_CONVERSION = YES;
				GCC_WARN_ABOUT_RETURN_TYPE = YES_ERROR;
				GCC_WARN_UNDECLARED_SELECTOR = YES;
				GCC_WARN_UNINITIALIZED_AUTOS = YES_AGGRESSIVE;
				GCC_WARN_UNUSED_FUNCTION = YES;
				GCC_WARN_UNUSED_VARIABLE = YES;
				IPHONEOS_DEPLOYMENT_TARGET = 13.1;
				MTL_ENABLE_DEBUG_INFO = NO;
				MTL_FAST_MATH = YES;
				SDKROOT = iphoneos;
				SWIFT_COMPILATION_MODE = wholemodule;
				SWIFT_OPTIMIZATION_LEVEL = "-O";
				VALIDATE_PRODUCT = YES;
			};
			name = Release;
		};
		3102B078239FF32800B80EA9 /* Debug */ = {
			isa = XCBuildConfiguration;
			baseConfigurationReference = A05B339AE73167D5C1E007B3 /* Pods-slackish.debug.xcconfig */;
			buildSettings = {
				ASSETCATALOG_COMPILER_APPICON_NAME = AppIcon;
				CLANG_ENABLE_MODULES = YES;
				CODE_SIGN_STYLE = Automatic;
				DEVELOPMENT_TEAM = T32TPN22R5;
				INFOPLIST_FILE = slackish/Info.plist;
				IPHONEOS_DEPLOYMENT_TARGET = 13.1;
				LD_RUNPATH_SEARCH_PATHS = (
					"$(inherited)",
					"@executable_path/Frameworks",
				);
				PRODUCT_BUNDLE_IDENTIFIER = com.kilyansockalingum.slackish;
				PRODUCT_NAME = "$(TARGET_NAME)";
				SWIFT_OBJC_BRIDGING_HEADER = "SupportingFiles/slackish-Bridging-Header.h";
				SWIFT_OPTIMIZATION_LEVEL = "-Onone";
				SWIFT_VERSION = 5.0;
				TARGETED_DEVICE_FAMILY = "1,2";
			};
			name = Debug;
		};
		3102B079239FF32800B80EA9 /* Release */ = {
			isa = XCBuildConfiguration;
			baseConfigurationReference = 368062329CEA7C2A6A34DCFF /* Pods-slackish.release.xcconfig */;
			buildSettings = {
				ASSETCATALOG_COMPILER_APPICON_NAME = AppIcon;
				CLANG_ENABLE_MODULES = YES;
				CODE_SIGN_STYLE = Automatic;
				DEVELOPMENT_TEAM = T32TPN22R5;
				INFOPLIST_FILE = slackish/Info.plist;
				IPHONEOS_DEPLOYMENT_TARGET = 13.1;
				LD_RUNPATH_SEARCH_PATHS = (
					"$(inherited)",
					"@executable_path/Frameworks",
				);
				PRODUCT_BUNDLE_IDENTIFIER = com.kilyansockalingum.slackish;
				PRODUCT_NAME = "$(TARGET_NAME)";
				SWIFT_OBJC_BRIDGING_HEADER = "SupportingFiles/slackish-Bridging-Header.h";
				SWIFT_VERSION = 5.0;
				TARGETED_DEVICE_FAMILY = "1,2";
			};
			name = Release;
		};
/* End XCBuildConfiguration section */

/* Begin XCConfigurationList section */
		3102B05E239FF32500B80EA9 /* Build configuration list for PBXProject "slackish" */ = {
			isa = XCConfigurationList;
			buildConfigurations = (
				3102B075239FF32800B80EA9 /* Debug */,
				3102B076239FF32800B80EA9 /* Release */,
			);
			defaultConfigurationIsVisible = 0;
			defaultConfigurationName = Release;
		};
		3102B077239FF32800B80EA9 /* Build configuration list for PBXNativeTarget "slackish" */ = {
			isa = XCConfigurationList;
			buildConfigurations = (
				3102B078239FF32800B80EA9 /* Debug */,
				3102B079239FF32800B80EA9 /* Release */,
			);
			defaultConfigurationIsVisible = 0;
			defaultConfigurationName = Release;
		};
/* End XCConfigurationList section */
	};
	rootObject = 3102B05B239FF32500B80EA9 /* Project object */;
}
